
Microsoft Visual Studio Solution File, Format Version 12.00
# Visual Studio Version 16
VisualStudioVersion = 16.0.31205.134
MinimumVisualStudioVersion = 10.0.40219.1
Project("{FAE04EC0-301F-11D3-BF4B-00C04F79EFBC}") = "PhoneBook", "PhoneBook\PhoneBook.csproj", "{1DD77F35-6E79-4CD3-8329-57745798C0EE}"
EndProject
Global
	GlobalSection(SolutionConfigurationPlatforms) = preSolution
		Debug|Any CPU = Debug|Any CPU
		Release|Any CPU = Release|Any CPU
	EndGlobalSection
	GlobalSection(ProjectConfigurationPlatforms) = postSolution
		{1DD77F35-6E79-4CD3-8329-57745798C0EE}.Debug|Any CPU.ActiveCfg = Debug|Any CPU
		{1DD77F35-6E79-4CD3-8329-57745798C0EE}.Debug|Any CPU.Build.0 = Debug|Any CPU
		{1DD77F35-6E79-4CD3-8329-57745798C0EE}.Release|Any CPU.ActiveCfg = Release|Any CPU
		{1DD77F35-6E79-4CD3-8329-57745798C0EE}.Release|Any CPU.Build.0 = Release|Any CPU
	EndGlobalSection
	GlobalSection(SolutionProperties) = preSolution
		HideSolutionNode = FALSE
	EndGlobalSection
	GlobalSection(ExtensibilityGlobals) = postSolution
		SolutionGuid = {A4776FC2-C20C-4E94-B4CE-8EB3BEF52FB5}
	EndGlobalSection
EndGlobal
